
Microsoft Visual Studio Solution File, Format Version 12.00
# Visual Studio 14
VisualStudioVersion = 14.0.25420.1
MinimumVisualStudioVersion = 10.0.40219.1
Project("{FAE04EC0-301F-11D3-BF4B-00C04F79EFBC}") = "Task08", "Task08\Task08.csproj", "{483B09B5-E2D3-4881-875A-BC08FDCA69E5}"
EndProject
Project("{FAE04EC0-301F-11D3-BF4B-00C04F79EFBC}") = "WayOfCompare", "WayOfCompare\WayOfCompare.csproj", "{83BEAAA0-53A4-48AE-9B7E-7DDFCD6CD98F}"
EndProject
Project("{FAE04EC0-301F-11D3-BF4B-00C04F79EFBC}") = "Task08_1_Test", "Task08_1_Test\Task08_1_Test.csproj", "{217590B0-E72B-4089-AA73-F7B152945576}"
EndProject
Project("{FAE04EC0-301F-11D3-BF4B-00C04F79EFBC}") = "Task08_2", "Task08_2\Task08_2.csproj", "{33F22722-5183-4418-8B8C-871756A4630D}"
EndProject
Global
	GlobalSection(SolutionConfigurationPlatforms) = preSolution
		Debug|Any CPU = Debug|Any CPU
		Release|Any CPU = Release|Any CPU
	EndGlobalSection
	GlobalSection(ProjectConfigurationPlatforms) = postSolution
		{483B09B5-E2D3-4881-875A-BC08FDCA69E5}.Debug|Any CPU.ActiveCfg = Debug|Any CPU
		{483B09B5-E2D3-4881-875A-BC08FDCA69E5}.Debug|Any CPU.Build.0 = Debug|Any CPU
		{483B09B5-E2D3-4881-875A-BC08FDCA69E5}.Release|Any CPU.ActiveCfg = Release|Any CPU
		{483B09B5-E2D3-4881-875A-BC08FDCA69E5}.Release|Any CPU.Build.0 = Release|Any CPU
		{83BEAAA0-53A4-48AE-9B7E-7DDFCD6CD98F}.Debug|Any CPU.ActiveCfg = Debug|Any CPU
		{83BEAAA0-53A4-48AE-9B7E-7DDFCD6CD98F}.Debug|Any CPU.Build.0 = Debug|Any CPU
		{83BEAAA0-53A4-48AE-9B7E-7DDFCD6CD98F}.Release|Any CPU.ActiveCfg = Release|Any CPU
		{83BEAAA0-53A4-48AE-9B7E-7DDFCD6CD98F}.Release|Any CPU.Build.0 = Release|Any CPU
		{217590B0-E72B-4089-AA73-F7B152945576}.Debug|Any CPU.ActiveCfg = Debug|Any CPU
		{217590B0-E72B-4089-AA73-F7B152945576}.Debug|Any CPU.Build.0 = Debug|Any CPU
		{217590B0-E72B-4089-AA73-F7B152945576}.Release|Any CPU.ActiveCfg = Release|Any CPU
		{217590B0-E72B-4089-AA73-F7B152945576}.Release|Any CPU.Build.0 = Release|Any CPU
		{33F22722-5183-4418-8B8C-871756A4630D}.Debug|Any CPU.ActiveCfg = Debug|Any CPU
		{33F22722-5183-4418-8B8C-871756A4630D}.Debug|Any CPU.Build.0 = Debug|Any CPU
		{33F22722-5183-4418-8B8C-871756A4630D}.Release|Any CPU.ActiveCfg = Release|Any CPU
		{33F22722-5183-4418-8B8C-871756A4630D}.Release|Any CPU.Build.0 = Release|Any CPU
	EndGlobalSection
	GlobalSection(SolutionProperties) = preSolution
		HideSolutionNode = FALSE
	EndGlobalSection
EndGlobal
