
Microsoft Visual Studio Solution File, Format Version 12.00
# Visual Studio 14
VisualStudioVersion = 14.0.25420.1
MinimumVisualStudioVersion = 10.0.40219.1
Project("{FAE04EC0-301F-11D3-BF4B-00C04F79EFBC}") = "NorthwindDAL", "NorthwindDAL\NorthwindDAL.csproj", "{F9863C0D-BFA4-436D-959F-B2B69A755319}"
EndProject
Project("{FAE04EC0-301F-11D3-BF4B-00C04F79EFBC}") = "NorthwindPL", "NorthwindPL\NorthwindPL.csproj", "{07427E06-BC10-4BA3-BA67-058E61E0B94D}"
EndProject
Global
	GlobalSection(SolutionConfigurationPlatforms) = preSolution
		Debug|Any CPU = Debug|Any CPU
		Release|Any CPU = Release|Any CPU
	EndGlobalSection
	GlobalSection(ProjectConfigurationPlatforms) = postSolution
		{F9863C0D-BFA4-436D-959F-B2B69A755319}.Debug|Any CPU.ActiveCfg = Debug|Any CPU
		{F9863C0D-BFA4-436D-959F-B2B69A755319}.Debug|Any CPU.Build.0 = Debug|Any CPU
		{F9863C0D-BFA4-436D-959F-B2B69A755319}.Release|Any CPU.ActiveCfg = Release|Any CPU
		{F9863C0D-BFA4-436D-959F-B2B69A755319}.Release|Any CPU.Build.0 = Release|Any CPU
		{07427E06-BC10-4BA3-BA67-058E61E0B94D}.Debug|Any CPU.ActiveCfg = Debug|Any CPU
		{07427E06-BC10-4BA3-BA67-058E61E0B94D}.Debug|Any CPU.Build.0 = Debug|Any CPU
		{07427E06-BC10-4BA3-BA67-058E61E0B94D}.Release|Any CPU.ActiveCfg = Release|Any CPU
		{07427E06-BC10-4BA3-BA67-058E61E0B94D}.Release|Any CPU.Build.0 = Release|Any CPU
	EndGlobalSection
	GlobalSection(SolutionProperties) = preSolution
		HideSolutionNode = FALSE
	EndGlobalSection
EndGlobal
